// !$*UTF8*$!
{
	archiveVersion = 1;
	classes = {
	};
	objectVersion = 50;
	objects = {

/* Begin PBXBuildFile section */
		70123D4725D457F200BFBB5E /* AppDelegate.swift in Sources */ = {isa = PBXBuildFile; fileRef = 70123D4625D457F200BFBB5E /* AppDelegate.swift */; };
		70123D4925D457F200BFBB5E /* SceneDelegate.swift in Sources */ = {isa = PBXBuildFile; fileRef = 70123D4825D457F200BFBB5E /* SceneDelegate.swift */; };
		70123D4B25D457F200BFBB5E /* ViewController.swift in Sources */ = {isa = PBXBuildFile; fileRef = 70123D4A25D457F200BFBB5E /* ViewController.swift */; };
		70123D4E25D457F200BFBB5E /* Main.storyboard in Resources */ = {isa = PBXBuildFile; fileRef = 70123D4C25D457F200BFBB5E /* Main.storyboard */; };
		70123D5125D457F200BFBB5E /* QuoteApp_UpWork.xcdatamodeld in Sources */ = {isa = PBXBuildFile; fileRef = 70123D4F25D457F200BFBB5E /* QuoteApp_UpWork.xcdatamodeld */; };
		70123D5325D457F900BFBB5E /* Assets.xcassets in Resources */ = {isa = PBXBuildFile; fileRef = 70123D5225D457F900BFBB5E /* Assets.xcassets */; };
		70123D5625D457F900BFBB5E /* LaunchScreen.storyboard in Resources */ = {isa = PBXBuildFile; fileRef = 70123D5425D457F900BFBB5E /* LaunchScreen.storyboard */; };
/* End PBXBuildFile section */

/* Begin PBXFileReference section */
		70123D4325D457F200BFBB5E /* QuoteApp_UpWork.app */ = {isa = PBXFileReference; explicitFileType = wrapper.application; includeInIndex = 0; path = QuoteApp_UpWork.app; sourceTree = BUILT_PRODUCTS_DIR; };
		70123D4625D457F200BFBB5E /* AppDelegate.swift */ = {isa = PBXFileReference; lastKnownFileType = sourcecode.swift; path = AppDelegate.swift; sourceTree = "<group>"; };
		70123D4825D457F200BFBB5E /* SceneDelegate.swift */ = {isa = PBXFileReference; lastKnownFileType = sourcecode.swift; path = SceneDelegate.swift; sourceTree = "<group>"; };
		70123D4A25D457F200BFBB5E /* ViewController.swift */ = {isa = PBXFileReference; lastKnownFileType = sourcecode.swift; path = ViewController.swift; sourceTree = "<group>"; };
		70123D4D25D457F200BFBB5E /* Base */ = {isa = PBXFileReference; lastKnownFileType = file.storyboard; name = Base; path = Base.lproj/Main.storyboard; sourceTree = "<group>"; };
		70123D5025D457F200BFBB5E /* QuoteApp_UpWork.xcdatamodel */ = {isa = PBXFileReference; lastKnownFileType = wrapper.xcdatamodel; path = QuoteApp_UpWork.xcdatamodel; sourceTree = "<group>"; };
		70123D5225D457F900BFBB5E /* Assets.xcassets */ = {isa = PBXFileReference; lastKnownFileType = folder.assetcatalog; path = Assets.xcassets; sourceTree = "<group>"; };
		70123D5525D457F900BFBB5E /* Base */ = {isa = PBXFileReference; lastKnownFileType = file.storyboard; name = Base; path = Base.lproj/LaunchScreen.storyboard; sourceTree = "<group>"; };
		70123D5725D457F900BFBB5E /* Info.plist */ = {isa = PBXFileReference; lastKnownFileType = text.plist.xml; path = Info.plist; sourceTree = "<group>"; };
/* End PBXFileReference section */

/* Begin PBXFrameworksBuildPhase section */
		70123D4025D457F200BFBB5E /* Frameworks */ = {
			isa = PBXFrameworksBuildPhase;
			buildActionMask = 2147483647;
			files = (
			);
			runOnlyForDeploymentPostprocessing = 0;
		};
/* End PBXFrameworksBuildPhase section */

/* Begin PBXGroup section */
		70123D3A25D457F200BFBB5E = {
			isa = PBXGroup;
			children = (
				70123D4525D457F200BFBB5E /* QuoteApp_UpWork */,
				70123D4425D457F200BFBB5E /* Products */,
			);
			sourceTree = "<group>";
		};
		70123D4425D457F200BFBB5E /* Products */ = {
			isa = PBXGroup;
			children = (
				70123D4325D457F200BFBB5E /* QuoteApp_UpWork.app */,
			);
			name = Products;
			sourceTree = "<group>";
		};
		70123D4525D457F200BFBB5E /* QuoteApp_UpWork */ = {
			isa = PBXGroup;
			children = (
				70123D4625D457F200BFBB5E /* AppDelegate.swift */,
				70123D4825D457F200BFBB5E /* SceneDelegate.swift */,
				70123D4A25D457F200BFBB5E /* ViewController.swift */,
				70123D4C25D457F200BFBB5E /* Main.storyboard */,
				70123D5225D457F900BFBB5E /* Assets.xcassets */,
				70123D5425D457F900BFBB5E /* LaunchScreen.storyboard */,
				70123D5725D457F900BFBB5E /* Info.plist */,
				70123D4F25D457F200BFBB5E /* QuoteApp_UpWork.xcdatamodeld */,
			);
			path = QuoteApp_UpWork;
			sourceTree = "<group>";
		};
/* End PBXGroup section */

/* Begin PBXNativeTarget section */
		70123D4225D457F200BFBB5E /* QuoteApp_UpWork */ = {
			isa = PBXNativeTarget;
			buildConfigurationList = 70123D5A25D457F900BFBB5E /* Build configuration list for PBXNativeTarget "QuoteApp_UpWork" */;
			buildPhases = (
				70123D3F25D457F200BFBB5E /* Sources */,
				70123D4025D457F200BFBB5E /* Frameworks */,
				70123D4125D457F200BFBB5E /* Resources */,
			);
			buildRules = (
			);
			dependencies = (
			);
			name = QuoteApp_UpWork;
			productName = QuoteApp_UpWork;
			productReference = 70123D4325D457F200BFBB5E /* QuoteApp_UpWork.app */;
			productType = "com.apple.product-type.application";
		};
/* End PBXNativeTarget section */

/* Begin PBXProject section */
		70123D3B25D457F200BFBB5E /* Project object */ = {
			isa = PBXProject;
			attributes = {
				LastSwiftUpdateCheck = 1220;
				LastUpgradeCheck = 1220;
				TargetAttributes = {
					70123D4225D457F200BFBB5E = {
						CreatedOnToolsVersion = 12.2;
					};
				};
			};
			buildConfigurationList = 70123D3E25D457F200BFBB5E /* Build configuration list for PBXProject "QuoteApp_UpWork" */;
			compatibilityVersion = "Xcode 9.3";
			developmentRegion = en;
			hasScannedForEncodings = 0;
			knownRegions = (
				en,
				Base,
			);
			mainGroup = 70123D3A25D457F200BFBB5E;
			productRefGroup = 70123D4425D457F200BFBB5E /* Products */;
			projectDirPath = "";
			projectRoot = "";
			targets = (
				70123D4225D457F200BFBB5E /* QuoteApp_UpWork */,
			);
		};
/* End PBXProject section */

/* Begin PBXResourcesBuildPhase section */
		70123D4125D457F200BFBB5E /* Resources */ = {
			isa = PBXResourcesBuildPhase;
			buildActionMask = 2147483647;
			files = (
				70123D5625D457F900BFBB5E /* LaunchScreen.storyboard in Resources */,
				70123D5325D457F900BFBB5E /* Assets.xcassets in Resources */,
				70123D4E25D457F200BFBB5E /* Main.storyboard in Resources */,
			);
			runOnlyForDeploymentPostprocessing = 0;
		};
/* End PBXResourcesBuildPhase section */

/* Begin PBXSourcesBuildPhase section */
		70123D3F25D457F200BFBB5E /* Sources */ = {
			isa = PBXSourcesBuildPhase;
			buildActionMask = 2147483647;
			files = (
				70123D4B25D457F200BFBB5E /* ViewController.swift in Sources */,
				70123D4725D457F200BFBB5E /* AppDelegate.swift in Sources */,
				70123D5125D457F200BFBB5E /* QuoteApp_UpWork.xcdatamodeld in Sources */,
				70123D4925D457F200BFBB5E /* SceneDelegate.swift in Sources */,
			);
			runOnlyForDeploymentPostprocessing = 0;
		};
/* End PBXSourcesBuildPhase section */

/* Begin PBXVariantGroup section */
		70123D4C25D457F200BFBB5E /* Main.storyboard */ = {
			isa = PBXVariantGroup;
			children = (
				70123D4D25D457F200BFBB5E /* Base */,
			);
			name = Main.storyboard;
			sourceTree = "<group>";
		};
		70123D5425D457F900BFBB5E /* LaunchScreen.storyboard */ = {
			isa = PBXVariantGroup;
			children = (
				70123D5525D457F900BFBB5E /* Base */,
			);
			name = LaunchScreen.storyboard;
			sourceTree = "<group>";
		};
/* End PBXVariantGroup section */

/* Begin XCBuildConfiguration section */
		70123D5825D457F900BFBB5E /* Debug */ = {
			isa = XCBuildConfiguration;
			buildSettings = {
				ALWAYS_SEARCH_USER_PATHS = NO;
				CLANG_ANALYZER_NONNULL = YES;
				CLANG_ANALYZER_NUMBER_OBJECT_CONVERSION = YES_AGGRESSIVE;
				CLANG_CXX_LANGUAGE_STANDARD = "gnu++14";
				CLANG_CXX_LIBRARY = "libc++";
				CLANG_ENABLE_MODULES = YES;
				CLANG_ENABLE_OBJC_ARC = YES;
				CLANG_ENABLE_OBJC_WEAK = YES;
				CLANG_WARN_BLOCK_CAPTURE_AUTORELEASING = YES;
				CLANG_WARN_BOOL_CONVERSION = YES;
				CLANG_WARN_COMMA = YES;
				CLANG_WARN_CONSTANT_CONVERSION = YES;
				CLANG_WARN_DEPRECATED_OBJC_IMPLEMENTATIONS = YES;
				CLANG_WARN_DIRECT_OBJC_ISA_USAGE = YES_ERROR;
				CLANG_WARN_DOCUMENTATION_COMMENTS = YES;
				CLANG_WARN_EMPTY_BODY = YES;
				CLANG_WARN_ENUM_CONVERSION = YES;
				CLANG_WARN_INFINITE_RECURSION = YES;
				CLANG_WARN_INT_CONVERSION = YES;
				CLANG_WARN_NON_LITERAL_NULL_CONVERSION = YES;
				CLANG_WARN_OBJC_IMPLICIT_RETAIN_SELF = YES;
				CLANG_WARN_OBJC_LITERAL_CONVERSION = YES;
				CLANG_WARN_OBJC_ROOT_CLASS = YES_ERROR;
				CLANG_WARN_QUOTED_INCLUDE_IN_FRAMEWORK_HEADER = YES;
				CLANG_WARN_RANGE_LOOP_ANALYSIS = YES;
				CLANG_WARN_STRICT_PROTOTYPES = YES;
				CLANG_WARN_SUSPICIOUS_MOVE = YES;
				CLANG_WARN_UNGUARDED_AVAILABILITY = YES_AGGRESSIVE;
				CLANG_WARN_UNREACHABLE_CODE = YES;
				CLANG_WARN__DUPLICATE_METHOD_MATCH = YES;
				COPY_PHASE_STRIP = NO;
				DEBUG_INFORMATION_FORMAT = dwarf;
				ENABLE_STRICT_OBJC_MSGSEND = YES;
				ENABLE_TESTABILITY = YES;
				GCC_C_LANGUAGE_STANDARD = gnu11;
				GCC_DYNAMIC_NO_PIC = NO;
				GCC_NO_COMMON_BLOCKS = YES;
				GCC_OPTIMIZATION_LEVEL = 0;
				GCC_PREPROCESSOR_DEFINITIONS = (
					"DEBUG=1",
					"$(inherited)",
				);
				GCC_WARN_64_TO_32_BIT_CONVERSION = YES;
				GCC_WARN_ABOUT_RETURN_TYPE = YES_ERROR;
				GCC_WARN_UNDECLARED_SELECTOR = YES;
				GCC_WARN_UNINITIALIZED_AUTOS = YES_AGGRESSIVE;
				GCC_WARN_UNUSED_FUNCTION = YES;
				GCC_WARN_UNUSED_VARIABLE = YES;
				IPHONEOS_DEPLOYMENT_TARGET = 14.2;
				MTL_ENABLE_DEBUG_INFO = INCLUDE_SOURCE;
				MTL_FAST_MATH = YES;
				ONLY_ACTIVE_ARCH = YES;
				SDKROOT = iphoneos;
				SWIFT_ACTIVE_COMPILATION_CONDITIONS = DEBUG;
				SWIFT_OPTIMIZATION_LEVEL = "-Onone";
			};
			name = Debug;
		};
		70123D5925D457F900BFBB5E /* Release */ = {
			isa = XCBuildConfiguration;
			buildSettings = {
				ALWAYS_SEARCH_USER_PATHS = NO;
				CLANG_ANALYZER_NONNULL = YES;
				CLANG_ANALYZER_NUMBER_OBJECT_CONVERSION = YES_AGGRESSIVE;
				CLANG_CXX_LANGUAGE_STANDARD = "gnu++14";
				CLANG_CXX_LIBRARY = "libc++";
				CLANG_ENABLE_MODULES = YES;
				CLANG_ENABLE_OBJC_ARC = YES;
				CLANG_ENABLE_OBJC_WEAK = YES;
				CLANG_WARN_BLOCK_CAPTURE_AUTORELEASING = YES;
				CLANG_WARN_BOOL_CONVERSION = YES;
				CLANG_WARN_COMMA = YES;
				CLANG_WARN_CONSTANT_CONVERSION = YES;
				CLANG_WARN_DEPRECATED_OBJC_IMPLEMENTATIONS = YES;
				CLANG_WARN_DIRECT_OBJC_ISA_USAGE = YES_ERROR;
				CLANG_WARN_DOCUMENTATION_COMMENTS = YES;
				CLANG_WARN_EMPTY_BODY = YES;
				CLANG_WARN_ENUM_CONVERSION = YES;
				CLANG_WARN_INFINITE_RECURSION = YES;
				CLANG_WARN_INT_CONVERSION = YES;
				CLANG_WARN_NON_LITERAL_NULL_CONVERSION = YES;
				CLANG_WARN_OBJC_IMPLICIT_RETAIN_SELF = YES;
				CLANG_WARN_OBJC_LITERAL_CONVERSION = YES;
				CLANG_WARN_OBJC_ROOT_CLASS = YES_ERROR;
				CLANG_WARN_QUOTED_INCLUDE_IN_FRAMEWORK_HEADER = YES;
				CLANG_WARN_RANGE_LOOP_ANALYSIS = YES;
				CLANG_WARN_STRICT_PROTOTYPES = YES;
				CLANG_WARN_SUSPICIOUS_MOVE = YES;
				CLANG_WARN_UNGUARDED_AVAILABILITY = YES_AGGRESSIVE;
				CLANG_WARN_UNREACHABLE_CODE = YES;
				CLANG_WARN__DUPLICATE_METHOD_MATCH = YES;
				COPY_PHASE_STRIP = NO;
				DEBUG_INFORMATION_FORMAT = "dwarf-with-dsym";
				ENABLE_NS_ASSERTIONS = NO;
				ENABLE_STRICT_OBJC_MSGSEND = YES;
				GCC_C_LANGUAGE_STANDARD = gnu11;
				GCC_NO_COMMON_BLOCKS = YES;
				GCC_WARN_64_TO_32_BIT_CONVERSION = YES;
				GCC_WARN_ABOUT_RETURN_TYPE = YES_ERROR;
				GCC_WARN_UNDECLARED_SELECTOR = YES;
				GCC_WARN_UNINITIALIZED_AUTOS = YES_AGGRESSIVE;
				GCC_WARN_UNUSED_FUNCTION = YES;
				GCC_WARN_UNUSED_VARIABLE = YES;
				IPHONEOS_DEPLOYMENT_TARGET = 14.2;
				MTL_ENABLE_DEBUG_INFO = NO;
				MTL_FAST_MATH = YES;
				SDKROOT = iphoneos;
				SWIFT_COMPILATION_MODE = wholemodule;
				SWIFT_OPTIMIZATION_LEVEL = "-O";
				VALIDATE_PRODUCT = YES;
			};
			name = Release;
		};
		70123D5B25D457F900BFBB5E /* Debug */ = {
			isa = XCBuildConfiguration;
			buildSettings = {
				ASSETCATALOG_COMPILER_APPICON_NAME = AppIcon;
				ASSETCATALOG_COMPILER_GLOBAL_ACCENT_COLOR_NAME = AccentColor;
				CODE_SIGN_STYLE = Automatic;
				DEVELOPMENT_TEAM = VPJ4257952;
				INFOPLIST_FILE = QuoteApp_UpWork/Info.plist;
				LD_RUNPATH_SEARCH_PATHS = (
					"$(inherited)",
					"@executable_path/Frameworks",
				);
				PRODUCT_BUNDLE_IDENTIFIER = "com.aj.QuoteApp-UpWork";
				PRODUCT_NAME = "$(TARGET_NAME)";
				SWIFT_VERSION = 5.0;
				TARGETED_DEVICE_FAMILY = "1,2";
			};
			name = Debug;
		};
		70123D5C25D457F900BFBB5E /* Release */ = {
			isa = XCBuildConfiguration;
			buildSettings = {
				ASSETCATALOG_COMPILER_APPICON_NAME = AppIcon;
				ASSETCATALOG_COMPILER_GLOBAL_ACCENT_COLOR_NAME = AccentColor;
				CODE_SIGN_STYLE = Automatic;
				DEVELOPMENT_TEAM = VPJ4257952;
				INFOPLIST_FILE = QuoteApp_UpWork/Info.plist;
				LD_RUNPATH_SEARCH_PATHS = (
					"$(inherited)",
					"@executable_path/Frameworks",
				);
				PRODUCT_BUNDLE_IDENTIFIER = "com.aj.QuoteApp-UpWork";
				PRODUCT_NAME = "$(TARGET_NAME)";
				SWIFT_VERSION = 5.0;
				TARGETED_DEVICE_FAMILY = "1,2";
			};
			name = Release;
		};
/* End XCBuildConfiguration section */

/* Begin XCConfigurationList section */
		70123D3E25D457F200BFBB5E /* Build configuration list for PBXProject "QuoteApp_UpWork" */ = {
			isa = XCConfigurationList;
			buildConfigurations = (
				70123D5825D457F900BFBB5E /* Debug */,
				70123D5925D457F900BFBB5E /* Release */,
			);
			defaultConfigurationIsVisible = 0;
			defaultConfigurationName = Release;
		};
		70123D5A25D457F900BFBB5E /* Build configuration list for PBXNativeTarget "QuoteApp_UpWork" */ = {
			isa = XCConfigurationList;
			buildConfigurations = (
				70123D5B25D457F900BFBB5E /* Debug */,
				70123D5C25D457F900BFBB5E /* Release */,
			);
			defaultConfigurationIsVisible = 0;
			defaultConfigurationName = Release;
		};
/* End XCConfigurationList section */

/* Begin XCVersionGroup section */
		70123D4F25D457F200BFBB5E /* QuoteApp_UpWork.xcdatamodeld */ = {
			isa = XCVersionGroup;
			children = (
				70123D5025D457F200BFBB5E /* QuoteApp_UpWork.xcdatamodel */,
			);
			currentVersion = 70123D5025D457F200BFBB5E /* QuoteApp_UpWork.xcdatamodel */;
			path = QuoteApp_UpWork.xcdatamodeld;
			sourceTree = "<group>";
			versionGroupType = wrapper.xcdatamodel;
		};
/* End XCVersionGroup section */
	};
	rootObject = 70123D3B25D457F200BFBB5E /* Project object */;
}
